
Microsoft Visual Studio Solution File, Format Version 12.00
# Visual Studio Version 17
VisualStudioVersion = 17.0.31903.59
MinimumVisualStudioVersion = 10.0.40219.1
Project("{9A19103F-16F7-4668-BE54-9A1E7A4F7556}") = "WinUIExample", "WinUIExample\WinUIExample.csproj", "{AF28F788-4639-4F98-9435-CFEB3690B249}"
EndProject
Global
	GlobalSection(SolutionConfigurationPlatforms) = preSolution
		Debug|ARM32 = Debug|ARM32
		Debug|ARM64 = Debug|ARM64
		Debug|x64 = Debug|x64
		Debug|x86 = Debug|x86
		Release|ARM32 = Release|ARM32
		Release|ARM64 = Release|ARM64
		Release|x64 = Release|x64
		Release|x86 = Release|x86
	EndGlobalSection
	GlobalSection(ProjectConfigurationPlatforms) = postSolution
		{AF28F788-4639-4F98-9435-CFEB3690B249}.Debug|ARM32.ActiveCfg = Debug|ARM32
		{AF28F788-4639-4F98-9435-CFEB3690B249}.Debug|ARM32.Build.0 = Debug|ARM32
		{AF28F788-4639-4F98-9435-CFEB3690B249}.Debug|ARM64.ActiveCfg = Debug|ARM64
		{AF28F788-4639-4F98-9435-CFEB3690B249}.Debug|ARM64.Build.0 = Debug|ARM64
		{AF28F788-4639-4F98-9435-CFEB3690B249}.Debug|x64.ActiveCfg = Debug|x64
		{AF28F788-4639-4F98-9435-CFEB3690B249}.Debug|x64.Build.0 = Debug|x64
		{AF28F788-4639-4F98-9435-CFEB3690B249}.Debug|x86.ActiveCfg = Debug|x86
		{AF28F788-4639-4F98-9435-CFEB3690B249}.Debug|x86.Build.0 = Debug|x86
		{AF28F788-4639-4F98-9435-CFEB3690B249}.Release|ARM32.ActiveCfg = Release|ARM32
		{AF28F788-4639-4F98-9435-CFEB3690B249}.Release|ARM32.Build.0 = Release|ARM32
		{AF28F788-4639-4F98-9435-CFEB3690B249}.Release|ARM64.ActiveCfg = Release|ARM64
		{AF28F788-4639-4F98-9435-CFEB3690B249}.Release|ARM64.Build.0 = Release|ARM64
		{AF28F788-4639-4F98-9435-CFEB3690B249}.Release|x64.ActiveCfg = Release|x64
		{AF28F788-4639-4F98-9435-CFEB3690B249}.Release|x64.Build.0 = Release|x64
		{AF28F788-4639-4F98-9435-CFEB3690B249}.Release|x86.ActiveCfg = Release|x86
		{AF28F788-4639-4F98-9435-CFEB3690B249}.Release|x86.Build.0 = Release|x86
	EndGlobalSection
	GlobalSection(SolutionProperties) = preSolution
		HideSolutionNode = FALSE
	EndGlobalSection
	GlobalSection(ExtensibilityGlobals) = postSolution
		SolutionGuid = {01132D41-4C18-44DB-A4E7-B3BFE678CEAF}
	EndGlobalSection
EndGlobal
